
Microsoft Visual Studio Solution File, Format Version 12.00
# Visual Studio Version 17
VisualStudioVersion = 17.3.32811.315
MinimumVisualStudioVersion = 10.0.40219.1
Project("{FAE04EC0-301F-11D3-BF4B-00C04F79EFBC}") = "oct-6", "oct-6\oct-6.csproj", "{C776056D-8E39-4ADC-8E3C-227A8F0B724A}"
EndProject
Global
	GlobalSection(SolutionConfigurationPlatforms) = preSolution
		Debug|Any CPU = Debug|Any CPU
		Release|Any CPU = Release|Any CPU
	EndGlobalSection
	GlobalSection(ProjectConfigurationPlatforms) = postSolution
		{C776056D-8E39-4ADC-8E3C-227A8F0B724A}.Debug|Any CPU.ActiveCfg = Debug|Any CPU
		{C776056D-8E39-4ADC-8E3C-227A8F0B724A}.Debug|Any CPU.Build.0 = Debug|Any CPU
		{C776056D-8E39-4ADC-8E3C-227A8F0B724A}.Release|Any CPU.ActiveCfg = Release|Any CPU
		{C776056D-8E39-4ADC-8E3C-227A8F0B724A}.Release|Any CPU.Build.0 = Release|Any CPU
	EndGlobalSection
	GlobalSection(SolutionProperties) = preSolution
		HideSolutionNode = FALSE
	EndGlobalSection
	GlobalSection(ExtensibilityGlobals) = postSolution
		SolutionGuid = {A31DBC74-7C09-4C57-B2B5-425A77BF7657}
	EndGlobalSection
EndGlobal
