
Microsoft Visual Studio Solution File, Format Version 12.00
# Visual Studio Version 17
VisualStudioVersion = 17.3.32811.315
MinimumVisualStudioVersion = 10.0.40219.1
Project("{FAE04EC0-301F-11D3-BF4B-00C04F79EFBC}") = "2handsson", "2handsson\2handsson.csproj", "{7F734271-B877-4A9C-B090-D0B9D10B7611}"
	ProjectSection(ProjectDependencies) = postProject
		{42CBD173-0EEF-4B3D-843F-D1D8E4656B31} = {42CBD173-0EEF-4B3D-843F-D1D8E4656B31}
	EndProjectSection
EndProject
Project("{FAE04EC0-301F-11D3-BF4B-00C04F79EFBC}") = "Library1", "Library1\Library1.csproj", "{42CBD173-0EEF-4B3D-843F-D1D8E4656B31}"
EndProject
Global
	GlobalSection(SolutionConfigurationPlatforms) = preSolution
		Debug|Any CPU = Debug|Any CPU
		Release|Any CPU = Release|Any CPU
	EndGlobalSection
	GlobalSection(ProjectConfigurationPlatforms) = postSolution
		{7F734271-B877-4A9C-B090-D0B9D10B7611}.Debug|Any CPU.ActiveCfg = Debug|Any CPU
		{7F734271-B877-4A9C-B090-D0B9D10B7611}.Debug|Any CPU.Build.0 = Debug|Any CPU
		{7F734271-B877-4A9C-B090-D0B9D10B7611}.Release|Any CPU.ActiveCfg = Release|Any CPU
		{7F734271-B877-4A9C-B090-D0B9D10B7611}.Release|Any CPU.Build.0 = Release|Any CPU
		{42CBD173-0EEF-4B3D-843F-D1D8E4656B31}.Debug|Any CPU.ActiveCfg = Debug|Any CPU
		{42CBD173-0EEF-4B3D-843F-D1D8E4656B31}.Debug|Any CPU.Build.0 = Debug|Any CPU
		{42CBD173-0EEF-4B3D-843F-D1D8E4656B31}.Release|Any CPU.ActiveCfg = Release|Any CPU
		{42CBD173-0EEF-4B3D-843F-D1D8E4656B31}.Release|Any CPU.Build.0 = Release|Any CPU
	EndGlobalSection
	GlobalSection(SolutionProperties) = preSolution
		HideSolutionNode = FALSE
	EndGlobalSection
	GlobalSection(ExtensibilityGlobals) = postSolution
		SolutionGuid = {8BCE0E4F-C7E9-4DC9-94DF-36D5B7373EBD}
	EndGlobalSection
EndGlobal
