
Microsoft Visual Studio Solution File, Format Version 12.00
# Visual Studio Version 17
VisualStudioVersion = 17.3.32811.315
MinimumVisualStudioVersion = 10.0.40219.1
Project("{FAE04EC0-301F-11D3-BF4B-00C04F79EFBC}") = "qstn5", "qstn5\qstn5.csproj", "{F2160CB4-F5FE-459A-870A-80E7563911CE}"
EndProject
Global
	GlobalSection(SolutionConfigurationPlatforms) = preSolution
		Debug|Any CPU = Debug|Any CPU
		Release|Any CPU = Release|Any CPU
	EndGlobalSection
	GlobalSection(ProjectConfigurationPlatforms) = postSolution
		{F2160CB4-F5FE-459A-870A-80E7563911CE}.Debug|Any CPU.ActiveCfg = Debug|Any CPU
		{F2160CB4-F5FE-459A-870A-80E7563911CE}.Debug|Any CPU.Build.0 = Debug|Any CPU
		{F2160CB4-F5FE-459A-870A-80E7563911CE}.Release|Any CPU.ActiveCfg = Release|Any CPU
		{F2160CB4-F5FE-459A-870A-80E7563911CE}.Release|Any CPU.Build.0 = Release|Any CPU
	EndGlobalSection
	GlobalSection(SolutionProperties) = preSolution
		HideSolutionNode = FALSE
	EndGlobalSection
	GlobalSection(ExtensibilityGlobals) = postSolution
		SolutionGuid = {36F3F0F5-8F27-4E6C-8FF7-4AB2AFD753F7}
	EndGlobalSection
EndGlobal
