
Microsoft Visual Studio Solution File, Format Version 12.00
# Visual Studio Version 17
VisualStudioVersion = 17.3.32811.315
MinimumVisualStudioVersion = 10.0.40219.1
Project("{FAE04EC0-301F-11D3-BF4B-00C04F79EFBC}") = "qstn2", "qstn2\qstn2.csproj", "{3DB412D8-F849-4488-A96B-F92B7411CB16}"
EndProject
Global
	GlobalSection(SolutionConfigurationPlatforms) = preSolution
		Debug|Any CPU = Debug|Any CPU
		Release|Any CPU = Release|Any CPU
	EndGlobalSection
	GlobalSection(ProjectConfigurationPlatforms) = postSolution
		{3DB412D8-F849-4488-A96B-F92B7411CB16}.Debug|Any CPU.ActiveCfg = Debug|Any CPU
		{3DB412D8-F849-4488-A96B-F92B7411CB16}.Debug|Any CPU.Build.0 = Debug|Any CPU
		{3DB412D8-F849-4488-A96B-F92B7411CB16}.Release|Any CPU.ActiveCfg = Release|Any CPU
		{3DB412D8-F849-4488-A96B-F92B7411CB16}.Release|Any CPU.Build.0 = Release|Any CPU
	EndGlobalSection
	GlobalSection(SolutionProperties) = preSolution
		HideSolutionNode = FALSE
	EndGlobalSection
	GlobalSection(ExtensibilityGlobals) = postSolution
		SolutionGuid = {50671BA5-E16D-4CEA-A864-5B3BF1A48A4B}
	EndGlobalSection
EndGlobal
