
Microsoft Visual Studio Solution File, Format Version 12.00
# Visual Studio Version 17
VisualStudioVersion = 17.3.32811.315
MinimumVisualStudioVersion = 10.0.40219.1
Project("{FAE04EC0-301F-11D3-BF4B-00C04F79EFBC}") = "12_handsson(B)", "12_handsson(B)\12_handsson(B).csproj", "{6636CBA4-02E5-4C4A-94CB-97988FCCD3B4}"
EndProject
Global
	GlobalSection(SolutionConfigurationPlatforms) = preSolution
		Debug|Any CPU = Debug|Any CPU
		Release|Any CPU = Release|Any CPU
	EndGlobalSection
	GlobalSection(ProjectConfigurationPlatforms) = postSolution
		{6636CBA4-02E5-4C4A-94CB-97988FCCD3B4}.Debug|Any CPU.ActiveCfg = Debug|Any CPU
		{6636CBA4-02E5-4C4A-94CB-97988FCCD3B4}.Debug|Any CPU.Build.0 = Debug|Any CPU
		{6636CBA4-02E5-4C4A-94CB-97988FCCD3B4}.Release|Any CPU.ActiveCfg = Release|Any CPU
		{6636CBA4-02E5-4C4A-94CB-97988FCCD3B4}.Release|Any CPU.Build.0 = Release|Any CPU
	EndGlobalSection
	GlobalSection(SolutionProperties) = preSolution
		HideSolutionNode = FALSE
	EndGlobalSection
	GlobalSection(ExtensibilityGlobals) = postSolution
		SolutionGuid = {3F4FE4BD-6E37-4150-B03D-89FECD43E0B1}
	EndGlobalSection
EndGlobal
